// !$*UTF8*$!
{
	archiveVersion = 1;
	classes = {
	};
	objectVersion = 77;
	objects = {

/* Begin PBXBuildFile section */
		053C8642A7DEA91E249B63CD /* FlightLogStore.swift in Sources */ = {isa = PBXBuildFile; fileRef = CA73CFBD055EAB710ECDABA2 /* FlightLogStore.swift */; };
		070F27561C30A7605AA53D09 /* PhotoCaptureController.swift in Sources */ = {isa = PBXBuildFile; fileRef = 2FC63C682DFF028E6304FD4E /* PhotoCaptureController.swift */; };
		08529DE03797B41BC6D4BE49 /* RouteIntelligenceSurface.swift in Sources */ = {isa = PBXBuildFile; fileRef = 61A72C62A1A8B4E616D83886 /* RouteIntelligenceSurface.swift */; };
		0DEFCAE33AC97BFD10023CFB /* FlightLogSurface.swift in Sources */ = {isa = PBXBuildFile; fileRef = E888B74B5A291CAE43778488 /* FlightLogSurface.swift */; };
		1844F6F2FDAB726E2AB70D01 /* BundledDatasets.swift in Sources */ = {isa = PBXBuildFile; fileRef = B278DCF25107982400E6398F /* BundledDatasets.swift */; };
		1D4B8288173F7034F58930C3 /* places.bin in Resources */ = {isa = PBXBuildFile; fileRef = 3FC401ACE05767EEFED1384A /* places.bin */; };
		2016D95CDEF95A38EBFDDC51 /* AdaptiveRoot.swift in Sources */ = {isa = PBXBuildFile; fileRef = F7A1C45D2E63AE3BCB4B86D8 /* AdaptiveRoot.swift */; };
		20630AAC57EF7E23E2E4BD03 /* PhotoMetadataWriter.swift in Sources */ = {isa = PBXBuildFile; fileRef = 83871C2C9F2460DD21AAC7C5 /* PhotoMetadataWriter.swift */; };
		2A2266B9BCB370D5DFB6610A /* CameraSurface.swift in Sources */ = {isa = PBXBuildFile; fileRef = C19666EECF394EEA28B9FFBB /* CameraSurface.swift */; };
		2D462A2166E782D006ACA090 /* ForecastCacheBox.swift in Sources */ = {isa = PBXBuildFile; fileRef = 21367E5E66ED93691C913A25 /* ForecastCacheBox.swift */; };
		3013398A2E9537D2D29A26A1 /* PreFlightSurface.swift in Sources */ = {isa = PBXBuildFile; fileRef = 9F2B3331A61A641CF72F9116 /* PreFlightSurface.swift */; };
		4DBA6CBAFC8C54606AA4EE25 /* MetricsSurface.swift in Sources */ = {isa = PBXBuildFile; fileRef = 6B51143711397BB51CB83074 /* MetricsSurface.swift */; };
		4F01D400ED757343B5DD02CC /* ContrailStatistics in Frameworks */ = {isa = PBXBuildFile; productRef = C3C9BCDC07C96F5DCF5649DD /* ContrailStatistics */; };
		512C26A1AAE42FDC906756CA /* StatisticsSurface.swift in Sources */ = {isa = PBXBuildFile; fileRef = C44E38FBE9310E5BC6FCDE49 /* StatisticsSurface.swift */; };
		5DBDEFEF917E614DAFDB9C8B /* ContrailGeo in Frameworks */ = {isa = PBXBuildFile; productRef = 72ECA25E40918ABF69E71DC6 /* ContrailGeo */; };
		5E92CAE7CB16C03BF778295A /* PMTilesHTTPServer.swift in Sources */ = {isa = PBXBuildFile; fileRef = 8A43C08F1F3B2D04A3D7554E /* PMTilesHTTPServer.swift */; };
		6000E0C5A8825F68E2809AEF /* airports.bin in Resources */ = {isa = PBXBuildFile; fileRef = 3B442355D4151A2012D0EAFC /* airports.bin */; };
		601982C2A4458A784A5772FA /* artcc.bin in Resources */ = {isa = PBXBuildFile; fileRef = FAAB0E0A484C172C3DE2C371 /* artcc.bin */; };
		6E8FE6B4D6C5148B08FD465E /* ContrailSensors in Frameworks */ = {isa = PBXBuildFile; productRef = 2030282CE29197AB5A231805 /* ContrailSensors */; };
		8822FBCDE51E02C81541BB9F /* RouteIntelligence.swift in Sources */ = {isa = PBXBuildFile; fileRef = 69B8694648B5E7B5466F34A0 /* RouteIntelligence.swift */; };
		89E85BF6DC6EA71A126D753D /* ContrailData in Frameworks */ = {isa = PBXBuildFile; productRef = 2BCC1B63BEF7B2289F64110C /* ContrailData */; };
		94216F838C6B3B29F386D28D /* ContrailForecast in Frameworks */ = {isa = PBXBuildFile; productRef = DD1D8207B0D879A0B718D467 /* ContrailForecast */; };
		991A8344CFD72B4E0D4C75CC /* TurbulenceSurface.swift in Sources */ = {isa = PBXBuildFile; fileRef = E147F73C3B78D2328C3F69DE /* TurbulenceSurface.swift */; };
		9E5A9988A469457DCC19AB90 /* LiveSensorSource.swift in Sources */ = {isa = PBXBuildFile; fileRef = 442A28D04C1008537AC81CA2 /* LiveSensorSource.swift */; };
		9EACE4BD645390D9FCB06F35 /* ContrailTurbulence in Frameworks */ = {isa = PBXBuildFile; productRef = F23D7E6B86515CDB51EB5C95 /* ContrailTurbulence */; };
		A3DBB30879E60F3F1E68CCBE /* ContrailCore in Frameworks */ = {isa = PBXBuildFile; productRef = 974623BF2557F7C33C2857F2 /* ContrailCore */; };
		A7AB1566997C494E9BA95C40 /* PhotoRingBuffer.swift in Sources */ = {isa = PBXBuildFile; fileRef = 58F4C58FF0CAA01E1860593E /* PhotoRingBuffer.swift */; };
		AC68838F48FB4FE41C8D3378 /* FixQualitySurface.swift in Sources */ = {isa = PBXBuildFile; fileRef = 9483514C6130E773BF9DCC8D /* FixQualitySurface.swift */; };
		AEA15ED08065DFE25DFDE8A5 /* navfixes.bin in Resources */ = {isa = PBXBuildFile; fileRef = 9D83C89C8C4CCCE63CA3561B /* navfixes.bin */; };
		B345012396EBA7C398862D41 /* AppModel.swift in Sources */ = {isa = PBXBuildFile; fileRef = CFAD5055A636A01AD695A52B /* AppModel.swift */; };
		B78F96DF6620DC4795731171 /* FlightEstimationEngine.swift in Sources */ = {isa = PBXBuildFile; fileRef = F5E17A4438C2266045DFD0DD /* FlightEstimationEngine.swift */; };
		B7DDBA9C379328650B78F7F4 /* ContrailApp.swift in Sources */ = {isa = PBXBuildFile; fileRef = F54924CA940EAF7266C0DEA0 /* ContrailApp.swift */; };
		B8C41928F70CA1CB2A5FC73A /* basemap-z0-6.pmtiles in Resources */ = {isa = PBXBuildFile; fileRef = A0EBBE1110D6B0155259DA1A /* basemap-z0-6.pmtiles */; };
		C31CB514563A5038FBBE87D6 /* basemap-style.json in Resources */ = {isa = PBXBuildFile; fileRef = 1C29CF0FAA412BFA0035D64F /* basemap-style.json */; };
		C6975FE79E2683F4E939AB8E /* MapSurface.swift in Sources */ = {isa = PBXBuildFile; fileRef = 300330A4A4558B9CA3A365CD /* MapSurface.swift */; };
		D50AABB67AF5999067B7DBEB /* ContrailMap in Frameworks */ = {isa = PBXBuildFile; productRef = 6C2B9A8AF9300B31255104C5 /* ContrailMap */; };
		DB3601E367CDCCAC5DA8472C /* FlightStatisticsCollector.swift in Sources */ = {isa = PBXBuildFile; fileRef = B5E3803EA2564DB77774A44C /* FlightStatisticsCollector.swift */; };
		DC70D0DE660345BDFCB8795E /* ContrailPhoto in Frameworks */ = {isa = PBXBuildFile; productRef = C37638BB1BDD3F2282F63A8A /* ContrailPhoto */; };
		E5F4B453020114477C21BB03 /* MapLibre in Frameworks */ = {isa = PBXBuildFile; productRef = BFBF113A1166C5D8ED0BFA35 /* MapLibre */; };
		EA97E83F98CEADCBF1913D77 /* ContrailEstimator in Frameworks */ = {isa = PBXBuildFile; productRef = BA35708646A97D40EB4307DB /* ContrailEstimator */; };
		EE161A472B0A1B0C7B513323 /* ContrailLog in Frameworks */ = {isa = PBXBuildFile; productRef = 08F75B0A8BA42893CB144811 /* ContrailLog */; };
/* End PBXBuildFile section */

/* Begin PBXFileReference section */
		1C29CF0FAA412BFA0035D64F /* basemap-style.json */ = {isa = PBXFileReference; lastKnownFileType = text.json; path = "basemap-style.json"; sourceTree = "<group>"; };
		21367E5E66ED93691C913A25 /* ForecastCacheBox.swift */ = {isa = PBXFileReference; lastKnownFileType = sourcecode.swift; path = ForecastCacheBox.swift; sourceTree = "<group>"; };
		2FC63C682DFF028E6304FD4E /* PhotoCaptureController.swift */ = {isa = PBXFileReference; lastKnownFileType = sourcecode.swift; path = PhotoCaptureController.swift; sourceTree = "<group>"; };
		300330A4A4558B9CA3A365CD /* MapSurface.swift */ = {isa = PBXFileReference; lastKnownFileType = sourcecode.swift; path = MapSurface.swift; sourceTree = "<group>"; };
		3B442355D4151A2012D0EAFC /* airports.bin */ = {isa = PBXFileReference; lastKnownFileType = archive.macbinary; path = airports.bin; sourceTree = "<group>"; };
		3FC401ACE05767EEFED1384A /* places.bin */ = {isa = PBXFileReference; lastKnownFileType = archive.macbinary; path = places.bin; sourceTree = "<group>"; };
		442A28D04C1008537AC81CA2 /* LiveSensorSource.swift */ = {isa = PBXFileReference; lastKnownFileType = sourcecode.swift; path = LiveSensorSource.swift; sourceTree = "<group>"; };
		58F4C58FF0CAA01E1860593E /* PhotoRingBuffer.swift */ = {isa = PBXFileReference; lastKnownFileType = sourcecode.swift; path = PhotoRingBuffer.swift; sourceTree = "<group>"; };
		61A72C62A1A8B4E616D83886 /* RouteIntelligenceSurface.swift */ = {isa = PBXFileReference; lastKnownFileType = sourcecode.swift; path = RouteIntelligenceSurface.swift; sourceTree = "<group>"; };
		69B8694648B5E7B5466F34A0 /* RouteIntelligence.swift */ = {isa = PBXFileReference; lastKnownFileType = sourcecode.swift; path = RouteIntelligence.swift; sourceTree = "<group>"; };
		6B51143711397BB51CB83074 /* MetricsSurface.swift */ = {isa = PBXFileReference; lastKnownFileType = sourcecode.swift; path = MetricsSurface.swift; sourceTree = "<group>"; };
		72B23E6B62E09B264591E293 /* ContrailKit */ = {isa = PBXFileReference; lastKnownFileType = folder; name = ContrailKit; path = Packages/ContrailKit; sourceTree = SOURCE_ROOT; };
		810C09FC241F92A75EE62A7E /* Contrail.app */ = {isa = PBXFileReference; includeInIndex = 0; lastKnownFileType = wrapper.application; path = Contrail.app; sourceTree = BUILT_PRODUCTS_DIR; };
		83871C2C9F2460DD21AAC7C5 /* PhotoMetadataWriter.swift */ = {isa = PBXFileReference; lastKnownFileType = sourcecode.swift; path = PhotoMetadataWriter.swift; sourceTree = "<group>"; };
		8A43C08F1F3B2D04A3D7554E /* PMTilesHTTPServer.swift */ = {isa = PBXFileReference; lastKnownFileType = sourcecode.swift; path = PMTilesHTTPServer.swift; sourceTree = "<group>"; };
		9483514C6130E773BF9DCC8D /* FixQualitySurface.swift */ = {isa = PBXFileReference; lastKnownFileType = sourcecode.swift; path = FixQualitySurface.swift; sourceTree = "<group>"; };
		9D83C89C8C4CCCE63CA3561B /* navfixes.bin */ = {isa = PBXFileReference; lastKnownFileType = archive.macbinary; path = navfixes.bin; sourceTree = "<group>"; };
		9F2B3331A61A641CF72F9116 /* PreFlightSurface.swift */ = {isa = PBXFileReference; lastKnownFileType = sourcecode.swift; path = PreFlightSurface.swift; sourceTree = "<group>"; };
		A0EBBE1110D6B0155259DA1A /* basemap-z0-6.pmtiles */ = {isa = PBXFileReference; path = "basemap-z0-6.pmtiles"; sourceTree = "<group>"; };
		B278DCF25107982400E6398F /* BundledDatasets.swift */ = {isa = PBXFileReference; lastKnownFileType = sourcecode.swift; path = BundledDatasets.swift; sourceTree = "<group>"; };
		B5E3803EA2564DB77774A44C /* FlightStatisticsCollector.swift */ = {isa = PBXFileReference; lastKnownFileType = sourcecode.swift; path = FlightStatisticsCollector.swift; sourceTree = "<group>"; };
		C19666EECF394EEA28B9FFBB /* CameraSurface.swift */ = {isa = PBXFileReference; lastKnownFileType = sourcecode.swift; path = CameraSurface.swift; sourceTree = "<group>"; };
		C44E38FBE9310E5BC6FCDE49 /* StatisticsSurface.swift */ = {isa = PBXFileReference; lastKnownFileType = sourcecode.swift; path = StatisticsSurface.swift; sourceTree = "<group>"; };
		CA73CFBD055EAB710ECDABA2 /* FlightLogStore.swift */ = {isa = PBXFileReference; lastKnownFileType = sourcecode.swift; path = FlightLogStore.swift; sourceTree = "<group>"; };
		CFAD5055A636A01AD695A52B /* AppModel.swift */ = {isa = PBXFileReference; lastKnownFileType = sourcecode.swift; path = AppModel.swift; sourceTree = "<group>"; };
		E147F73C3B78D2328C3F69DE /* TurbulenceSurface.swift */ = {isa = PBXFileReference; lastKnownFileType = sourcecode.swift; path = TurbulenceSurface.swift; sourceTree = "<group>"; };
		E888B74B5A291CAE43778488 /* FlightLogSurface.swift */ = {isa = PBXFileReference; lastKnownFileType = sourcecode.swift; path = FlightLogSurface.swift; sourceTree = "<group>"; };
		F54924CA940EAF7266C0DEA0 /* ContrailApp.swift */ = {isa = PBXFileReference; lastKnownFileType = sourcecode.swift; path = ContrailApp.swift; sourceTree = "<group>"; };
		F5E17A4438C2266045DFD0DD /* FlightEstimationEngine.swift */ = {isa = PBXFileReference; lastKnownFileType = sourcecode.swift; path = FlightEstimationEngine.swift; sourceTree = "<group>"; };
		F7A1C45D2E63AE3BCB4B86D8 /* AdaptiveRoot.swift */ = {isa = PBXFileReference; lastKnownFileType = sourcecode.swift; path = AdaptiveRoot.swift; sourceTree = "<group>"; };
		FAAB0E0A484C172C3DE2C371 /* artcc.bin */ = {isa = PBXFileReference; lastKnownFileType = archive.macbinary; path = artcc.bin; sourceTree = "<group>"; };
/* End PBXFileReference section */

/* Begin PBXFrameworksBuildPhase section */
		67840B424FCA53A84FC83193 /* Frameworks */ = {
			isa = PBXFrameworksBuildPhase;
			buildActionMask = 2147483647;
			files = (
				A3DBB30879E60F3F1E68CCBE /* ContrailCore in Frameworks */,
				5DBDEFEF917E614DAFDB9C8B /* ContrailGeo in Frameworks */,
				6E8FE6B4D6C5148B08FD465E /* ContrailSensors in Frameworks */,
				EA97E83F98CEADCBF1913D77 /* ContrailEstimator in Frameworks */,
				EE161A472B0A1B0C7B513323 /* ContrailLog in Frameworks */,
				89E85BF6DC6EA71A126D753D /* ContrailData in Frameworks */,
				4F01D400ED757343B5DD02CC /* ContrailStatistics in Frameworks */,
				9EACE4BD645390D9FCB06F35 /* ContrailTurbulence in Frameworks */,
				D50AABB67AF5999067B7DBEB /* ContrailMap in Frameworks */,
				DC70D0DE660345BDFCB8795E /* ContrailPhoto in Frameworks */,
				94216F838C6B3B29F386D28D /* ContrailForecast in Frameworks */,
				E5F4B453020114477C21BB03 /* MapLibre in Frameworks */,
			);
			runOnlyForDeploymentPostprocessing = 0;
		};
/* End PBXFrameworksBuildPhase section */

/* Begin PBXGroup section */
		1C16E1480F461B437DB5B5C8 /* Products */ = {
			isa = PBXGroup;
			children = (
				810C09FC241F92A75EE62A7E /* Contrail.app */,
			);
			name = Products;
			sourceTree = "<group>";
		};
		36F0D5AD259C200BAB0CC239 /* Basemap */ = {
			isa = PBXGroup;
			children = (
				A0EBBE1110D6B0155259DA1A /* basemap-z0-6.pmtiles */,
			);
			path = Basemap;
			sourceTree = "<group>";
		};
		3B759FC3829262A27AA1BCB5 /* Surfaces */ = {
			isa = PBXGroup;
			children = (
				C19666EECF394EEA28B9FFBB /* CameraSurface.swift */,
				9483514C6130E773BF9DCC8D /* FixQualitySurface.swift */,
				E888B74B5A291CAE43778488 /* FlightLogSurface.swift */,
				300330A4A4558B9CA3A365CD /* MapSurface.swift */,
				6B51143711397BB51CB83074 /* MetricsSurface.swift */,
				9F2B3331A61A641CF72F9116 /* PreFlightSurface.swift */,
				61A72C62A1A8B4E616D83886 /* RouteIntelligenceSurface.swift */,
				C44E38FBE9310E5BC6FCDE49 /* StatisticsSurface.swift */,
				E147F73C3B78D2328C3F69DE /* TurbulenceSurface.swift */,
			);
			path = Surfaces;
			sourceTree = "<group>";
		};
		75032929CAE0C79BD912F8C8 /* Resources */ = {
			isa = PBXGroup;
			children = (
				36F0D5AD259C200BAB0CC239 /* Basemap */,
				F781F446B16B6A6CCC581DCA /* Datasets */,
				D2898E2FDCDC4913C8B52481 /* Style */,
			);
			path = Resources;
			sourceTree = "<group>";
		};
		8B509D6092F5CE0F20913C72 /* Live */ = {
			isa = PBXGroup;
			children = (
				B278DCF25107982400E6398F /* BundledDatasets.swift */,
				F5E17A4438C2266045DFD0DD /* FlightEstimationEngine.swift */,
				CA73CFBD055EAB710ECDABA2 /* FlightLogStore.swift */,
				B5E3803EA2564DB77774A44C /* FlightStatisticsCollector.swift */,
				21367E5E66ED93691C913A25 /* ForecastCacheBox.swift */,
				442A28D04C1008537AC81CA2 /* LiveSensorSource.swift */,
				2FC63C682DFF028E6304FD4E /* PhotoCaptureController.swift */,
				83871C2C9F2460DD21AAC7C5 /* PhotoMetadataWriter.swift */,
				58F4C58FF0CAA01E1860593E /* PhotoRingBuffer.swift */,
				8A43C08F1F3B2D04A3D7554E /* PMTilesHTTPServer.swift */,
				69B8694648B5E7B5466F34A0 /* RouteIntelligence.swift */,
			);
			path = Live;
			sourceTree = "<group>";
		};
		B885A956124A94B6066EEAE7 = {
			isa = PBXGroup;
			children = (
				C0A165F7E55AB597BD659EFE /* App */,
				D0D2E654F7D04E3F4F430C8F /* Packages */,
				1C16E1480F461B437DB5B5C8 /* Products */,
			);
			sourceTree = "<group>";
		};
		C0A165F7E55AB597BD659EFE /* App */ = {
			isa = PBXGroup;
			children = (
				CFAD5055A636A01AD695A52B /* AppModel.swift */,
				F54924CA940EAF7266C0DEA0 /* ContrailApp.swift */,
				FCB568BFAF5500292AF47C23 /* Layout */,
				8B509D6092F5CE0F20913C72 /* Live */,
				75032929CAE0C79BD912F8C8 /* Resources */,
				3B759FC3829262A27AA1BCB5 /* Surfaces */,
			);
			path = App;
			sourceTree = "<group>";
		};
		D0D2E654F7D04E3F4F430C8F /* Packages */ = {
			isa = PBXGroup;
			children = (
				72B23E6B62E09B264591E293 /* ContrailKit */,
			);
			path = Packages;
			sourceTree = "<group>";
		};
		D2898E2FDCDC4913C8B52481 /* Style */ = {
			isa = PBXGroup;
			children = (
				1C29CF0FAA412BFA0035D64F /* basemap-style.json */,
			);
			path = Style;
			sourceTree = "<group>";
		};
		F781F446B16B6A6CCC581DCA /* Datasets */ = {
			isa = PBXGroup;
			children = (
				3B442355D4151A2012D0EAFC /* airports.bin */,
				FAAB0E0A484C172C3DE2C371 /* artcc.bin */,
				9D83C89C8C4CCCE63CA3561B /* navfixes.bin */,
				3FC401ACE05767EEFED1384A /* places.bin */,
			);
			path = Datasets;
			sourceTree = "<group>";
		};
		FCB568BFAF5500292AF47C23 /* Layout */ = {
			isa = PBXGroup;
			children = (
				F7A1C45D2E63AE3BCB4B86D8 /* AdaptiveRoot.swift */,
			);
			path = Layout;
			sourceTree = "<group>";
		};
/* End PBXGroup section */

/* Begin PBXNativeTarget section */
		76BD3171B1E954A2286D70CE /* Contrail */ = {
			isa = PBXNativeTarget;
			buildConfigurationList = 68A365585E13EF105818C5D1 /* Build configuration list for PBXNativeTarget "Contrail" */;
			buildPhases = (
				FD4263813344E74C45AEFF3A /* Sources */,
				0808336E5C8B0D2F89EA4552 /* Resources */,
				67840B424FCA53A84FC83193 /* Frameworks */,
			);
			buildRules = (
			);
			dependencies = (
			);
			name = Contrail;
			packageProductDependencies = (
				974623BF2557F7C33C2857F2 /* ContrailCore */,
				72ECA25E40918ABF69E71DC6 /* ContrailGeo */,
				2030282CE29197AB5A231805 /* ContrailSensors */,
				BA35708646A97D40EB4307DB /* ContrailEstimator */,
				08F75B0A8BA42893CB144811 /* ContrailLog */,
				2BCC1B63BEF7B2289F64110C /* ContrailData */,
				C3C9BCDC07C96F5DCF5649DD /* ContrailStatistics */,
				F23D7E6B86515CDB51EB5C95 /* ContrailTurbulence */,
				6C2B9A8AF9300B31255104C5 /* ContrailMap */,
				C37638BB1BDD3F2282F63A8A /* ContrailPhoto */,
				DD1D8207B0D879A0B718D467 /* ContrailForecast */,
				BFBF113A1166C5D8ED0BFA35 /* MapLibre */,
			);
			productName = Contrail;
			productReference = 810C09FC241F92A75EE62A7E /* Contrail.app */;
			productType = "com.apple.product-type.application";
		};
/* End PBXNativeTarget section */

/* Begin PBXProject section */
		B39C78F587E12A86869EE428 /* Project object */ = {
			isa = PBXProject;
			attributes = {
				BuildIndependentTargetsInParallel = YES;
				LastUpgradeCheck = 1430;
				TargetAttributes = {
					76BD3171B1E954A2286D70CE = {
						DevelopmentTeam = Y8U56TJVZN;
						ProvisioningStyle = Automatic;
					};
				};
			};
			buildConfigurationList = A598001AB62CCFC8F788D732 /* Build configuration list for PBXProject "Contrail" */;
			developmentRegion = en;
			hasScannedForEncodings = 0;
			knownRegions = (
				Base,
				en,
			);
			mainGroup = B885A956124A94B6066EEAE7;
			minimizedProjectReferenceProxies = 1;
			packageReferences = (
				5871F7485641B0D53141F643 /* XCRemoteSwiftPackageReference "maplibre-gl-native-distribution" */,
				6E4FCA615AA5CE6D3607D451 /* XCLocalSwiftPackageReference "Packages/ContrailKit" */,
			);
			preferredProjectObjectVersion = 77;
			productRefGroup = 1C16E1480F461B437DB5B5C8 /* Products */;
			projectDirPath = "";
			projectRoot = "";
			targets = (
				76BD3171B1E954A2286D70CE /* Contrail */,
			);
		};
/* End PBXProject section */

/* Begin PBXResourcesBuildPhase section */
		0808336E5C8B0D2F89EA4552 /* Resources */ = {
			isa = PBXResourcesBuildPhase;
			buildActionMask = 2147483647;
			files = (
				6000E0C5A8825F68E2809AEF /* airports.bin in Resources */,
				601982C2A4458A784A5772FA /* artcc.bin in Resources */,
				C31CB514563A5038FBBE87D6 /* basemap-style.json in Resources */,
				B8C41928F70CA1CB2A5FC73A /* basemap-z0-6.pmtiles in Resources */,
				AEA15ED08065DFE25DFDE8A5 /* navfixes.bin in Resources */,
				1D4B8288173F7034F58930C3 /* places.bin in Resources */,
			);
			runOnlyForDeploymentPostprocessing = 0;
		};
/* End PBXResourcesBuildPhase section */

/* Begin PBXSourcesBuildPhase section */
		FD4263813344E74C45AEFF3A /* Sources */ = {
			isa = PBXSourcesBuildPhase;
			buildActionMask = 2147483647;
			files = (
				2016D95CDEF95A38EBFDDC51 /* AdaptiveRoot.swift in Sources */,
				B345012396EBA7C398862D41 /* AppModel.swift in Sources */,
				1844F6F2FDAB726E2AB70D01 /* BundledDatasets.swift in Sources */,
				2A2266B9BCB370D5DFB6610A /* CameraSurface.swift in Sources */,
				B7DDBA9C379328650B78F7F4 /* ContrailApp.swift in Sources */,
				AC68838F48FB4FE41C8D3378 /* FixQualitySurface.swift in Sources */,
				B78F96DF6620DC4795731171 /* FlightEstimationEngine.swift in Sources */,
				053C8642A7DEA91E249B63CD /* FlightLogStore.swift in Sources */,
				0DEFCAE33AC97BFD10023CFB /* FlightLogSurface.swift in Sources */,
				DB3601E367CDCCAC5DA8472C /* FlightStatisticsCollector.swift in Sources */,
				2D462A2166E782D006ACA090 /* ForecastCacheBox.swift in Sources */,
				9E5A9988A469457DCC19AB90 /* LiveSensorSource.swift in Sources */,
				C6975FE79E2683F4E939AB8E /* MapSurface.swift in Sources */,
				4DBA6CBAFC8C54606AA4EE25 /* MetricsSurface.swift in Sources */,
				5E92CAE7CB16C03BF778295A /* PMTilesHTTPServer.swift in Sources */,
				070F27561C30A7605AA53D09 /* PhotoCaptureController.swift in Sources */,
				20630AAC57EF7E23E2E4BD03 /* PhotoMetadataWriter.swift in Sources */,
				A7AB1566997C494E9BA95C40 /* PhotoRingBuffer.swift in Sources */,
				3013398A2E9537D2D29A26A1 /* PreFlightSurface.swift in Sources */,
				8822FBCDE51E02C81541BB9F /* RouteIntelligence.swift in Sources */,
				08529DE03797B41BC6D4BE49 /* RouteIntelligenceSurface.swift in Sources */,
				512C26A1AAE42FDC906756CA /* StatisticsSurface.swift in Sources */,
				991A8344CFD72B4E0D4C75CC /* TurbulenceSurface.swift in Sources */,
			);
			runOnlyForDeploymentPostprocessing = 0;
		};
/* End PBXSourcesBuildPhase section */

/* Begin XCBuildConfiguration section */
		2922381173E02036E505BCDE /* Release */ = {
			isa = XCBuildConfiguration;
			buildSettings = {
				ALWAYS_SEARCH_USER_PATHS = NO;
				CLANG_ANALYZER_NONNULL = YES;
				CLANG_ANALYZER_NUMBER_OBJECT_CONVERSION = YES_AGGRESSIVE;
				CLANG_CXX_LANGUAGE_STANDARD = "gnu++14";
				CLANG_CXX_LIBRARY = "libc++";
				CLANG_ENABLE_MODULES = YES;
				CLANG_ENABLE_OBJC_ARC = YES;
				CLANG_ENABLE_OBJC_WEAK = YES;
				CLANG_WARN_BLOCK_CAPTURE_AUTORELEASING = YES;
				CLANG_WARN_BOOL_CONVERSION = YES;
				CLANG_WARN_COMMA = YES;
				CLANG_WARN_CONSTANT_CONVERSION = YES;
				CLANG_WARN_DEPRECATED_OBJC_IMPLEMENTATIONS = YES;
				CLANG_WARN_DIRECT_OBJC_ISA_USAGE = YES_ERROR;
				CLANG_WARN_DOCUMENTATION_COMMENTS = YES;
				CLANG_WARN_EMPTY_BODY = YES;
				CLANG_WARN_ENUM_CONVERSION = YES;
				CLANG_WARN_INFINITE_RECURSION = YES;
				CLANG_WARN_INT_CONVERSION = YES;
				CLANG_WARN_NON_LITERAL_NULL_CONVERSION = YES;
				CLANG_WARN_OBJC_IMPLICIT_RETAIN_SELF = YES;
				CLANG_WARN_OBJC_LITERAL_CONVERSION = YES;
				CLANG_WARN_OBJC_ROOT_CLASS = YES_ERROR;
				CLANG_WARN_QUOTED_INCLUDE_IN_FRAMEWORK_HEADER = YES;
				CLANG_WARN_RANGE_LOOP_ANALYSIS = YES;
				CLANG_WARN_STRICT_PROTOTYPES = YES;
				CLANG_WARN_SUSPICIOUS_MOVE = YES;
				CLANG_WARN_UNGUARDED_AVAILABILITY = YES_AGGRESSIVE;
				CLANG_WARN_UNREACHABLE_CODE = YES;
				CLANG_WARN__DUPLICATE_METHOD_MATCH = YES;
				COPY_PHASE_STRIP = NO;
				DEBUG_INFORMATION_FORMAT = "dwarf-with-dsym";
				ENABLE_NS_ASSERTIONS = NO;
				ENABLE_STRICT_OBJC_MSGSEND = YES;
				GCC_C_LANGUAGE_STANDARD = gnu11;
				GCC_NO_COMMON_BLOCKS = YES;
				GCC_WARN_64_TO_32_BIT_CONVERSION = YES;
				GCC_WARN_ABOUT_RETURN_TYPE = YES_ERROR;
				GCC_WARN_UNDECLARED_SELECTOR = YES;
				GCC_WARN_UNINITIALIZED_AUTOS = YES_AGGRESSIVE;
				GCC_WARN_UNUSED_FUNCTION = YES;
				GCC_WARN_UNUSED_VARIABLE = YES;
				IPHONEOS_DEPLOYMENT_TARGET = 17.0;
				MTL_ENABLE_DEBUG_INFO = NO;
				MTL_FAST_MATH = YES;
				PRODUCT_NAME = "$(TARGET_NAME)";
				SDKROOT = iphoneos;
				SWIFT_COMPILATION_MODE = wholemodule;
				SWIFT_OPTIMIZATION_LEVEL = "-O";
				SWIFT_VERSION = 5.0;
			};
			name = Release;
		};
		8D938C48FCD80F19EFC3F274 /* Debug */ = {
			isa = XCBuildConfiguration;
			buildSettings = {
				ALWAYS_SEARCH_USER_PATHS = NO;
				CLANG_ANALYZER_NONNULL = YES;
				CLANG_ANALYZER_NUMBER_OBJECT_CONVERSION = YES_AGGRESSIVE;
				CLANG_CXX_LANGUAGE_STANDARD = "gnu++14";
				CLANG_CXX_LIBRARY = "libc++";
				CLANG_ENABLE_MODULES = YES;
				CLANG_ENABLE_OBJC_ARC = YES;
				CLANG_ENABLE_OBJC_WEAK = YES;
				CLANG_WARN_BLOCK_CAPTURE_AUTORELEASING = YES;
				CLANG_WARN_BOOL_CONVERSION = YES;
				CLANG_WARN_COMMA = YES;
				CLANG_WARN_CONSTANT_CONVERSION = YES;
				CLANG_WARN_DEPRECATED_OBJC_IMPLEMENTATIONS = YES;
				CLANG_WARN_DIRECT_OBJC_ISA_USAGE = YES_ERROR;
				CLANG_WARN_DOCUMENTATION_COMMENTS = YES;
				CLANG_WARN_EMPTY_BODY = YES;
				CLANG_WARN_ENUM_CONVERSION = YES;
				CLANG_WARN_INFINITE_RECURSION = YES;
				CLANG_WARN_INT_CONVERSION = YES;
				CLANG_WARN_NON_LITERAL_NULL_CONVERSION = YES;
				CLANG_WARN_OBJC_IMPLICIT_RETAIN_SELF = YES;
				CLANG_WARN_OBJC_LITERAL_CONVERSION = YES;
				CLANG_WARN_OBJC_ROOT_CLASS = YES_ERROR;
				CLANG_WARN_QUOTED_INCLUDE_IN_FRAMEWORK_HEADER = YES;
				CLANG_WARN_RANGE_LOOP_ANALYSIS = YES;
				CLANG_WARN_STRICT_PROTOTYPES = YES;
				CLANG_WARN_SUSPICIOUS_MOVE = YES;
				CLANG_WARN_UNGUARDED_AVAILABILITY = YES_AGGRESSIVE;
				CLANG_WARN_UNREACHABLE_CODE = YES;
				CLANG_WARN__DUPLICATE_METHOD_MATCH = YES;
				COPY_PHASE_STRIP = NO;
				DEBUG_INFORMATION_FORMAT = dwarf;
				ENABLE_STRICT_OBJC_MSGSEND = YES;
				ENABLE_TESTABILITY = YES;
				GCC_C_LANGUAGE_STANDARD = gnu11;
				GCC_DYNAMIC_NO_PIC = NO;
				GCC_NO_COMMON_BLOCKS = YES;
				GCC_OPTIMIZATION_LEVEL = 0;
				GCC_PREPROCESSOR_DEFINITIONS = (
					"$(inherited)",
					"DEBUG=1",
				);
				GCC_WARN_64_TO_32_BIT_CONVERSION = YES;
				GCC_WARN_ABOUT_RETURN_TYPE = YES_ERROR;
				GCC_WARN_UNDECLARED_SELECTOR = YES;
				GCC_WARN_UNINITIALIZED_AUTOS = YES_AGGRESSIVE;
				GCC_WARN_UNUSED_FUNCTION = YES;
				GCC_WARN_UNUSED_VARIABLE = YES;
				IPHONEOS_DEPLOYMENT_TARGET = 17.0;
				MTL_ENABLE_DEBUG_INFO = INCLUDE_SOURCE;
				MTL_FAST_MATH = YES;
				ONLY_ACTIVE_ARCH = YES;
				PRODUCT_NAME = "$(TARGET_NAME)";
				SDKROOT = iphoneos;
				SWIFT_ACTIVE_COMPILATION_CONDITIONS = DEBUG;
				SWIFT_OPTIMIZATION_LEVEL = "-Onone";
				SWIFT_VERSION = 5.0;
			};
			name = Debug;
		};
		C048E4018E4270243B6694B7 /* Release */ = {
			isa = XCBuildConfiguration;
			buildSettings = {
				ASSETCATALOG_COMPILER_APPICON_NAME = AppIcon;
				CODE_SIGN_IDENTITY = "iPhone Developer";
				CODE_SIGN_STYLE = Automatic;
				CURRENT_PROJECT_VERSION = 1;
				DEVELOPMENT_TEAM = Y8U56TJVZN;
				ENABLE_PREVIEWS = YES;
				INFOPLIST_FILE = Generated/Info.plist;
				IPHONEOS_DEPLOYMENT_TARGET = 17.0;
				LD_RUNPATH_SEARCH_PATHS = (
					"$(inherited)",
					"@executable_path/Frameworks",
				);
				MARKETING_VERSION = 1.0.0;
				PRODUCT_BUNDLE_IDENTIFIER = app.contrail.ios;
				SDKROOT = iphoneos;
				SUPPORTED_PLATFORMS = "iphoneos iphonesimulator";
				SWIFT_STRICT_CONCURRENCY = complete;
				SWIFT_VERSION = 6.0;
				TARGETED_DEVICE_FAMILY = "1,2";
			};
			name = Release;
		};
		FE123F8028D27A19F6AA6194 /* Debug */ = {
			isa = XCBuildConfiguration;
			buildSettings = {
				ASSETCATALOG_COMPILER_APPICON_NAME = AppIcon;
				CODE_SIGN_IDENTITY = "iPhone Developer";
				CODE_SIGN_STYLE = Automatic;
				CURRENT_PROJECT_VERSION = 1;
				DEVELOPMENT_TEAM = Y8U56TJVZN;
				ENABLE_PREVIEWS = YES;
				INFOPLIST_FILE = Generated/Info.plist;
				IPHONEOS_DEPLOYMENT_TARGET = 17.0;
				LD_RUNPATH_SEARCH_PATHS = (
					"$(inherited)",
					"@executable_path/Frameworks",
				);
				MARKETING_VERSION = 1.0.0;
				PRODUCT_BUNDLE_IDENTIFIER = app.contrail.ios;
				SDKROOT = iphoneos;
				SUPPORTED_PLATFORMS = "iphoneos iphonesimulator";
				SWIFT_STRICT_CONCURRENCY = complete;
				SWIFT_VERSION = 6.0;
				TARGETED_DEVICE_FAMILY = "1,2";
			};
			name = Debug;
		};
/* End XCBuildConfiguration section */

/* Begin XCConfigurationList section */
		68A365585E13EF105818C5D1 /* Build configuration list for PBXNativeTarget "Contrail" */ = {
			isa = XCConfigurationList;
			buildConfigurations = (
				FE123F8028D27A19F6AA6194 /* Debug */,
				C048E4018E4270243B6694B7 /* Release */,
			);
			defaultConfigurationIsVisible = 0;
			defaultConfigurationName = Debug;
		};
		A598001AB62CCFC8F788D732 /* Build configuration list for PBXProject "Contrail" */ = {
			isa = XCConfigurationList;
			buildConfigurations = (
				8D938C48FCD80F19EFC3F274 /* Debug */,
				2922381173E02036E505BCDE /* Release */,
			);
			defaultConfigurationIsVisible = 0;
			defaultConfigurationName = Debug;
		};
/* End XCConfigurationList section */

/* Begin XCLocalSwiftPackageReference section */
		6E4FCA615AA5CE6D3607D451 /* XCLocalSwiftPackageReference "Packages/ContrailKit" */ = {
			isa = XCLocalSwiftPackageReference;
			relativePath = Packages/ContrailKit;
		};
/* End XCLocalSwiftPackageReference section */

/* Begin XCRemoteSwiftPackageReference section */
		5871F7485641B0D53141F643 /* XCRemoteSwiftPackageReference "maplibre-gl-native-distribution" */ = {
			isa = XCRemoteSwiftPackageReference;
			repositoryURL = "https://github.com/maplibre/maplibre-gl-native-distribution";
			requirement = {
				kind = upToNextMajorVersion;
				minimumVersion = 6.10.0;
			};
		};
/* End XCRemoteSwiftPackageReference section */

/* Begin XCSwiftPackageProductDependency section */
		08F75B0A8BA42893CB144811 /* ContrailLog */ = {
			isa = XCSwiftPackageProductDependency;
			productName = ContrailLog;
		};
		2030282CE29197AB5A231805 /* ContrailSensors */ = {
			isa = XCSwiftPackageProductDependency;
			productName = ContrailSensors;
		};
		2BCC1B63BEF7B2289F64110C /* ContrailData */ = {
			isa = XCSwiftPackageProductDependency;
			productName = ContrailData;
		};
		6C2B9A8AF9300B31255104C5 /* ContrailMap */ = {
			isa = XCSwiftPackageProductDependency;
			productName = ContrailMap;
		};
		72ECA25E40918ABF69E71DC6 /* ContrailGeo */ = {
			isa = XCSwiftPackageProductDependency;
			productName = ContrailGeo;
		};
		974623BF2557F7C33C2857F2 /* ContrailCore */ = {
			isa = XCSwiftPackageProductDependency;
			productName = ContrailCore;
		};
		BA35708646A97D40EB4307DB /* ContrailEstimator */ = {
			isa = XCSwiftPackageProductDependency;
			productName = ContrailEstimator;
		};
		BFBF113A1166C5D8ED0BFA35 /* MapLibre */ = {
			isa = XCSwiftPackageProductDependency;
			package = 5871F7485641B0D53141F643 /* XCRemoteSwiftPackageReference "maplibre-gl-native-distribution" */;
			productName = MapLibre;
		};
		C37638BB1BDD3F2282F63A8A /* ContrailPhoto */ = {
			isa = XCSwiftPackageProductDependency;
			productName = ContrailPhoto;
		};
		C3C9BCDC07C96F5DCF5649DD /* ContrailStatistics */ = {
			isa = XCSwiftPackageProductDependency;
			productName = ContrailStatistics;
		};
		DD1D8207B0D879A0B718D467 /* ContrailForecast */ = {
			isa = XCSwiftPackageProductDependency;
			productName = ContrailForecast;
		};
		F23D7E6B86515CDB51EB5C95 /* ContrailTurbulence */ = {
			isa = XCSwiftPackageProductDependency;
			productName = ContrailTurbulence;
		};
/* End XCSwiftPackageProductDependency section */
	};
	rootObject = B39C78F587E12A86869EE428 /* Project object */;
}
